// !$*UTF8*$!
{
	archiveVersion = 1;
	classes = {
	};
	objectVersion = 50;
	objects = {

/* Begin PBXBuildFile section */
		E714CF1120ECA9F500A52652 /* MainViewController.swift in Sources */ = {isa = PBXBuildFile; fileRef = E714CF1020ECA9F500A52652 /* MainViewController.swift */; };
		E714CF1320ECAA0600A52652 /* MainViewController.storyboard in Resources */ = {isa = PBXBuildFile; fileRef = E714CF1220ECAA0600A52652 /* MainViewController.storyboard */; };
		E714CF1520ECAAF300A52652 /* ViewController.swift in Sources */ = {isa = PBXBuildFile; fileRef = E714CF1420ECAAF300A52652 /* ViewController.swift */; };
		E7536C1520ED2D99006AC702 /* Colorful.pde in Resources */ = {isa = PBXBuildFile; fileRef = E7536C1420ED2D99006AC702 /* Colorful.pde */; };
		E7536C1720ED3114006AC702 /* CodeTextView.swift in Sources */ = {isa = PBXBuildFile; fileRef = E7536C1620ED3114006AC702 /* CodeTextView.swift */; };
		E7536C1920ED37C8006AC702 /* Colorful.txt in Resources */ = {isa = PBXBuildFile; fileRef = E7536C1820ED37C8006AC702 /* Colorful.txt */; };
		E7536C1B20ED3DD6006AC702 /* Sketch.swift in Sources */ = {isa = PBXBuildFile; fileRef = E7536C1A20ED3DD6006AC702 /* Sketch.swift */; };
		E7536C2220ED6F63006AC702 /* SimpleTouchView.swift in Sources */ = {isa = PBXBuildFile; fileRef = E7536C2120ED6F63006AC702 /* SimpleTouchView.swift */; };
		E7536C2420ED6F7A006AC702 /* SimpleTouch.txt in Resources */ = {isa = PBXBuildFile; fileRef = E7536C2320ED6F7A006AC702 /* SimpleTouch.txt */; };
		E7536C2620ED6F8E006AC702 /* SimpleTouch.pde in Resources */ = {isa = PBXBuildFile; fileRef = E7536C2520ED6F8E006AC702 /* SimpleTouch.pde */; };
		E7828E7420ECA2EE00D614F5 /* AppDelegate.swift in Sources */ = {isa = PBXBuildFile; fileRef = E7828E7320ECA2EE00D614F5 /* AppDelegate.swift */; };
		E7828E7B20ECA2F300D614F5 /* Assets.xcassets in Resources */ = {isa = PBXBuildFile; fileRef = E7828E7A20ECA2F300D614F5 /* Assets.xcassets */; };
		E7828E7E20ECA2F300D614F5 /* LaunchScreen.storyboard in Resources */ = {isa = PBXBuildFile; fileRef = E7828E7C20ECA2F300D614F5 /* LaunchScreen.storyboard */; };
		E7D14AEB20ECB01100906F04 /* SketchesTableViewDataSource.swift in Sources */ = {isa = PBXBuildFile; fileRef = E7D14AEA20ECB01100906F04 /* SketchesTableViewDataSource.swift */; };
		E7D14AEE20ECB4DF00906F04 /* ColorfulView.swift in Sources */ = {isa = PBXBuildFile; fileRef = E7D14AED20ECB4DF00906F04 /* ColorfulView.swift */; };
		E7D14AF220ECB51400906F04 /* ProcessingKit.framework in Frameworks */ = {isa = PBXBuildFile; fileRef = E7D14AF020ECB51400906F04 /* ProcessingKit.framework */; };
		E7D14AF320ECB51400906F04 /* Highlightr.framework in Frameworks */ = {isa = PBXBuildFile; fileRef = E7D14AF120ECB51400906F04 /* Highlightr.framework */; };
		E7D14AFD20ED1D7800906F04 /* MainNavigationBar.swift in Sources */ = {isa = PBXBuildFile; fileRef = E7D14AFC20ED1D7800906F04 /* MainNavigationBar.swift */; };
/* End PBXBuildFile section */

/* Begin PBXFileReference section */
		E714CF1020ECA9F500A52652 /* MainViewController.swift */ = {isa = PBXFileReference; lastKnownFileType = sourcecode.swift; path = MainViewController.swift; sourceTree = "<group>"; };
		E714CF1220ECAA0600A52652 /* MainViewController.storyboard */ = {isa = PBXFileReference; lastKnownFileType = file.storyboard; path = MainViewController.storyboard; sourceTree = "<group>"; };
		E714CF1420ECAAF300A52652 /* ViewController.swift */ = {isa = PBXFileReference; lastKnownFileType = sourcecode.swift; path = ViewController.swift; sourceTree = "<group>"; };
		E7536C1420ED2D99006AC702 /* Colorful.pde */ = {isa = PBXFileReference; lastKnownFileType = text; path = Colorful.pde; sourceTree = "<group>"; };
		E7536C1620ED3114006AC702 /* CodeTextView.swift */ = {isa = PBXFileReference; lastKnownFileType = sourcecode.swift; path = CodeTextView.swift; sourceTree = "<group>"; };
		E7536C1820ED37C8006AC702 /* Colorful.txt */ = {isa = PBXFileReference; lastKnownFileType = text; path = Colorful.txt; sourceTree = "<group>"; };
		E7536C1A20ED3DD6006AC702 /* Sketch.swift */ = {isa = PBXFileReference; lastKnownFileType = sourcecode.swift; path = Sketch.swift; sourceTree = "<group>"; };
		E7536C2120ED6F63006AC702 /* SimpleTouchView.swift */ = {isa = PBXFileReference; lastKnownFileType = sourcecode.swift; path = SimpleTouchView.swift; sourceTree = "<group>"; };
		E7536C2320ED6F7A006AC702 /* SimpleTouch.txt */ = {isa = PBXFileReference; lastKnownFileType = text; path = SimpleTouch.txt; sourceTree = "<group>"; };
		E7536C2520ED6F8E006AC702 /* SimpleTouch.pde */ = {isa = PBXFileReference; lastKnownFileType = text; path = SimpleTouch.pde; sourceTree = "<group>"; };
		E7828E7020ECA2EE00D614F5 /* OSCProcessingKitDemo.app */ = {isa = PBXFileReference; explicitFileType = wrapper.application; includeInIndex = 0; path = OSCProcessingKitDemo.app; sourceTree = BUILT_PRODUCTS_DIR; };
		E7828E7320ECA2EE00D614F5 /* AppDelegate.swift */ = {isa = PBXFileReference; lastKnownFileType = sourcecode.swift; path = AppDelegate.swift; sourceTree = "<group>"; };
		E7828E7A20ECA2F300D614F5 /* Assets.xcassets */ = {isa = PBXFileReference; lastKnownFileType = folder.assetcatalog; path = Assets.xcassets; sourceTree = "<group>"; };
		E7828E7D20ECA2F300D614F5 /* Base */ = {isa = PBXFileReference; lastKnownFileType = file.storyboard; name = Base; path = Base.lproj/LaunchScreen.storyboard; sourceTree = "<group>"; };
		E7828E7F20ECA2F400D614F5 /* Info.plist */ = {isa = PBXFileReference; lastKnownFileType = text.plist.xml; path = Info.plist; sourceTree = "<group>"; };
		E7D14AEA20ECB01100906F04 /* SketchesTableViewDataSource.swift */ = {isa = PBXFileReference; lastKnownFileType = sourcecode.swift; path = SketchesTableViewDataSource.swift; sourceTree = "<group>"; };
		E7D14AED20ECB4DF00906F04 /* ColorfulView.swift */ = {isa = PBXFileReference; lastKnownFileType = sourcecode.swift; path = ColorfulView.swift; sourceTree = "<group>"; };
		E7D14AF020ECB51400906F04 /* ProcessingKit.framework */ = {isa = PBXFileReference; lastKnownFileType = wrapper.framework; name = ProcessingKit.framework; path = Carthage/Build/iOS/ProcessingKit.framework; sourceTree = "<group>"; };
		E7D14AF120ECB51400906F04 /* Highlightr.framework */ = {isa = PBXFileReference; lastKnownFileType = wrapper.framework; name = Highlightr.framework; path = Carthage/Build/iOS/Highlightr.framework; sourceTree = "<group>"; };
		E7D14AFC20ED1D7800906F04 /* MainNavigationBar.swift */ = {isa = PBXFileReference; lastKnownFileType = sourcecode.swift; path = MainNavigationBar.swift; sourceTree = "<group>"; };
/* End PBXFileReference section */

/* Begin PBXFrameworksBuildPhase section */
		E7828E6D20ECA2EE00D614F5 /* Frameworks */ = {
			isa = PBXFrameworksBuildPhase;
			buildActionMask = 2147483647;
			files = (
				E7D14AF220ECB51400906F04 /* ProcessingKit.framework in Frameworks */,
				E7D14AF320ECB51400906F04 /* Highlightr.framework in Frameworks */,
			);
			runOnlyForDeploymentPostprocessing = 0;
		};
/* End PBXFrameworksBuildPhase section */

/* Begin PBXGroup section */
		E714CF1620ECAAF900A52652 /* Extensions */ = {
			isa = PBXGroup;
			children = (
				E714CF1420ECAAF300A52652 /* ViewController.swift */,
			);
			path = Extensions;
			sourceTree = "<group>";
		};
		E7536C1320ED2D7C006AC702 /* Colorful */ = {
			isa = PBXGroup;
			children = (
				E7D14AED20ECB4DF00906F04 /* ColorfulView.swift */,
				E7536C1420ED2D99006AC702 /* Colorful.pde */,
				E7536C1820ED37C8006AC702 /* Colorful.txt */,
			);
			path = Colorful;
			sourceTree = "<group>";
		};
		E7536C2020ED6F48006AC702 /* SimpleTouch */ = {
			isa = PBXGroup;
			children = (
				E7536C2120ED6F63006AC702 /* SimpleTouchView.swift */,
				E7536C2320ED6F7A006AC702 /* SimpleTouch.txt */,
				E7536C2520ED6F8E006AC702 /* SimpleTouch.pde */,
			);
			path = SimpleTouch;
			sourceTree = "<group>";
		};
		E7828E6720ECA2EE00D614F5 = {
			isa = PBXGroup;
			children = (
				E7828E7220ECA2EE00D614F5 /* OSCProcessingKitDemo */,
				E7828E7120ECA2EE00D614F5 /* Products */,
				E7D14AEF20ECB51400906F04 /* Frameworks */,
			);
			sourceTree = "<group>";
		};
		E7828E7120ECA2EE00D614F5 /* Products */ = {
			isa = PBXGroup;
			children = (
				E7828E7020ECA2EE00D614F5 /* OSCProcessingKitDemo.app */,
			);
			name = Products;
			sourceTree = "<group>";
		};
		E7828E7220ECA2EE00D614F5 /* OSCProcessingKitDemo */ = {
			isa = PBXGroup;
			children = (
				E7828E7320ECA2EE00D614F5 /* AppDelegate.swift */,
				E714CF1620ECAAF900A52652 /* Extensions */,
				E7536C1620ED3114006AC702 /* CodeTextView.swift */,
				E7536C1A20ED3DD6006AC702 /* Sketch.swift */,
				E7D14AFC20ED1D7800906F04 /* MainNavigationBar.swift */,
				E7D14AEA20ECB01100906F04 /* SketchesTableViewDataSource.swift */,
				E714CF1020ECA9F500A52652 /* MainViewController.swift */,
				E714CF1220ECAA0600A52652 /* MainViewController.storyboard */,
				E7D14AEC20ECB43600906F04 /* Sketches */,
				E7828E7A20ECA2F300D614F5 /* Assets.xcassets */,
				E7828E7C20ECA2F300D614F5 /* LaunchScreen.storyboard */,
				E7828E7F20ECA2F400D614F5 /* Info.plist */,
			);
			path = OSCProcessingKitDemo;
			sourceTree = "<group>";
		};
		E7D14AEC20ECB43600906F04 /* Sketches */ = {
			isa = PBXGroup;
			children = (
				E7536C2020ED6F48006AC702 /* SimpleTouch */,
				E7536C1320ED2D7C006AC702 /* Colorful */,
			);
			path = Sketches;
			sourceTree = "<group>";
		};
		E7D14AEF20ECB51400906F04 /* Frameworks */ = {
			isa = PBXGroup;
			children = (
				E7D14AF120ECB51400906F04 /* Highlightr.framework */,
				E7D14AF020ECB51400906F04 /* ProcessingKit.framework */,
			);
			name = Frameworks;
			sourceTree = "<group>";
		};
/* End PBXGroup section */

/* Begin PBXNativeTarget section */
		E7828E6F20ECA2EE00D614F5 /* OSCProcessingKitDemo */ = {
			isa = PBXNativeTarget;
			buildConfigurationList = E7828E8220ECA2F400D614F5 /* Build configuration list for PBXNativeTarget "OSCProcessingKitDemo" */;
			buildPhases = (
				E7828E6C20ECA2EE00D614F5 /* Sources */,
				E7828E6D20ECA2EE00D614F5 /* Frameworks */,
				E7828E6E20ECA2EE00D614F5 /* Resources */,
				E7D14AF420ECB51900906F04 /* [Carthage] Run Script */,
			);
			buildRules = (
			);
			dependencies = (
			);
			name = OSCProcessingKitDemo;
			productName = OSCProcessingKitDemo;
			productReference = E7828E7020ECA2EE00D614F5 /* OSCProcessingKitDemo.app */;
			productType = "com.apple.product-type.application";
		};
/* End PBXNativeTarget section */

/* Begin PBXProject section */
		E7828E6820ECA2EE00D614F5 /* Project object */ = {
			isa = PBXProject;
			attributes = {
				LastSwiftUpdateCheck = 0940;
				LastUpgradeCheck = 0940;
				ORGANIZATIONNAME = "Atsuya Sato";
				TargetAttributes = {
					E7828E6F20ECA2EE00D614F5 = {
						CreatedOnToolsVersion = 9.4.1;
					};
				};
			};
			buildConfigurationList = E7828E6B20ECA2EE00D614F5 /* Build configuration list for PBXProject "OSCProcessingKitDemo" */;
			compatibilityVersion = "Xcode 9.3";
			developmentRegion = en;
			hasScannedForEncodings = 0;
			knownRegions = (
				en,
				Base,
			);
			mainGroup = E7828E6720ECA2EE00D614F5;
			productRefGroup = E7828E7120ECA2EE00D614F5 /* Products */;
			projectDirPath = "";
			projectRoot = "";
			targets = (
				E7828E6F20ECA2EE00D614F5 /* OSCProcessingKitDemo */,
			);
		};
/* End PBXProject section */

/* Begin PBXResourcesBuildPhase section */
		E7828E6E20ECA2EE00D614F5 /* Resources */ = {
			isa = PBXResourcesBuildPhase;
			buildActionMask = 2147483647;
			files = (
				E7536C1520ED2D99006AC702 /* Colorful.pde in Resources */,
				E714CF1320ECAA0600A52652 /* MainViewController.storyboard in Resources */,
				E7828E7E20ECA2F300D614F5 /* LaunchScreen.storyboard in Resources */,
				E7536C1920ED37C8006AC702 /* Colorful.txt in Resources */,
				E7536C2620ED6F8E006AC702 /* SimpleTouch.pde in Resources */,
				E7536C2420ED6F7A006AC702 /* SimpleTouch.txt in Resources */,
				E7828E7B20ECA2F300D614F5 /* Assets.xcassets in Resources */,
			);
			runOnlyForDeploymentPostprocessing = 0;
		};
/* End PBXResourcesBuildPhase section */

/* Begin PBXShellScriptBuildPhase section */
		E7D14AF420ECB51900906F04 /* [Carthage] Run Script */ = {
			isa = PBXShellScriptBuildPhase;
			buildActionMask = 2147483647;
			files = (
			);
			inputPaths = (
				"$(SRCROOT)/Carthage/Build/iOS/ProcessingKit.framework",
				"$(SRCROOT)/Carthage/Build/iOS/Highlightr.framework",
			);
			name = "[Carthage] Run Script";
			outputPaths = (
			);
			runOnlyForDeploymentPostprocessing = 0;
			shellPath = /bin/sh;
			shellScript = "/usr/local/bin/carthage copy-frameworks";
		};
/* End PBXShellScriptBuildPhase section */

/* Begin PBXSourcesBuildPhase section */
		E7828E6C20ECA2EE00D614F5 /* Sources */ = {
			isa = PBXSourcesBuildPhase;
			buildActionMask = 2147483647;
			files = (
				E7D14AFD20ED1D7800906F04 /* MainNavigationBar.swift in Sources */,
				E7536C2220ED6F63006AC702 /* SimpleTouchView.swift in Sources */,
				E7536C1B20ED3DD6006AC702 /* Sketch.swift in Sources */,
				E7D14AEE20ECB4DF00906F04 /* ColorfulView.swift in Sources */,
				E714CF1520ECAAF300A52652 /* ViewController.swift in Sources */,
				E7D14AEB20ECB01100906F04 /* SketchesTableViewDataSource.swift in Sources */,
				E7536C1720ED3114006AC702 /* CodeTextView.swift in Sources */,
				E714CF1120ECA9F500A52652 /* MainViewController.swift in Sources */,
				E7828E7420ECA2EE00D614F5 /* AppDelegate.swift in Sources */,
			);
			runOnlyForDeploymentPostprocessing = 0;
		};
/* End PBXSourcesBuildPhase section */

/* Begin PBXVariantGroup section */
		E7828E7C20ECA2F300D614F5 /* LaunchScreen.storyboard */ = {
			isa = PBXVariantGroup;
			children = (
				E7828E7D20ECA2F300D614F5 /* Base */,
			);
			name = LaunchScreen.storyboard;
			sourceTree = "<group>";
		};
/* End PBXVariantGroup section */

/* Begin XCBuildConfiguration section */
		E7828E8020ECA2F400D614F5 /* Debug */ = {
			isa = XCBuildConfiguration;
			buildSettings = {
				ALWAYS_SEARCH_USER_PATHS = NO;
				CLANG_ANALYZER_NONNULL = YES;
				CLANG_ANALYZER_NUMBER_OBJECT_CONVERSION = YES_AGGRESSIVE;
				CLANG_CXX_LANGUAGE_STANDARD = "gnu++14";
				CLANG_CXX_LIBRARY = "libc++";
				CLANG_ENABLE_MODULES = YES;
				CLANG_ENABLE_OBJC_ARC = YES;
				CLANG_ENABLE_OBJC_WEAK = YES;
				CLANG_WARN_BLOCK_CAPTURE_AUTORELEASING = YES;
				CLANG_WARN_BOOL_CONVERSION = YES;
				CLANG_WARN_COMMA = YES;
				CLANG_WARN_CONSTANT_CONVERSION = YES;
				CLANG_WARN_DEPRECATED_OBJC_IMPLEMENTATIONS = YES;
				CLANG_WARN_DIRECT_OBJC_ISA_USAGE = YES_ERROR;
				CLANG_WARN_DOCUMENTATION_COMMENTS = YES;
				CLANG_WARN_EMPTY_BODY = YES;
				CLANG_WARN_ENUM_CONVERSION = YES;
				CLANG_WARN_INFINITE_RECURSION = YES;
				CLANG_WARN_INT_CONVERSION = YES;
				CLANG_WARN_NON_LITERAL_NULL_CONVERSION = YES;
				CLANG_WARN_OBJC_IMPLICIT_RETAIN_SELF = YES;
				CLANG_WARN_OBJC_LITERAL_CONVERSION = YES;
				CLANG_WARN_OBJC_ROOT_CLASS = YES_ERROR;
				CLANG_WARN_RANGE_LOOP_ANALYSIS = YES;
				CLANG_WARN_STRICT_PROTOTYPES = YES;
				CLANG_WARN_SUSPICIOUS_MOVE = YES;
				CLANG_WARN_UNGUARDED_AVAILABILITY = YES_AGGRESSIVE;
				CLANG_WARN_UNREACHABLE_CODE = YES;
				CLANG_WARN__DUPLICATE_METHOD_MATCH = YES;
				CODE_SIGN_IDENTITY = "iPhone Developer";
				COPY_PHASE_STRIP = NO;
				DEBUG_INFORMATION_FORMAT = dwarf;
				ENABLE_STRICT_OBJC_MSGSEND = YES;
				ENABLE_TESTABILITY = YES;
				GCC_C_LANGUAGE_STANDARD = gnu11;
				GCC_DYNAMIC_NO_PIC = NO;
				GCC_NO_COMMON_BLOCKS = YES;
				GCC_OPTIMIZATION_LEVEL = 0;
				GCC_PREPROCESSOR_DEFINITIONS = (
					"DEBUG=1",
					"$(inherited)",
				);
				GCC_WARN_64_TO_32_BIT_CONVERSION = YES;
				GCC_WARN_ABOUT_RETURN_TYPE = YES_ERROR;
				GCC_WARN_UNDECLARED_SELECTOR = YES;
				GCC_WARN_UNINITIALIZED_AUTOS = YES_AGGRESSIVE;
				GCC_WARN_UNUSED_FUNCTION = YES;
				GCC_WARN_UNUSED_VARIABLE = YES;
				IPHONEOS_DEPLOYMENT_TARGET = 11.4;
				MTL_ENABLE_DEBUG_INFO = YES;
				ONLY_ACTIVE_ARCH = YES;
				SDKROOT = iphoneos;
				SWIFT_ACTIVE_COMPILATION_CONDITIONS = DEBUG;
				SWIFT_OPTIMIZATION_LEVEL = "-Onone";
			};
			name = Debug;
		};
		E7828E8120ECA2F400D614F5 /* Release */ = {
			isa = XCBuildConfiguration;
			buildSettings = {
				ALWAYS_SEARCH_USER_PATHS = NO;
				CLANG_ANALYZER_NONNULL = YES;
				CLANG_ANALYZER_NUMBER_OBJECT_CONVERSION = YES_AGGRESSIVE;
				CLANG_CXX_LANGUAGE_STANDARD = "gnu++14";
				CLANG_CXX_LIBRARY = "libc++";
				CLANG_ENABLE_MODULES = YES;
				CLANG_ENABLE_OBJC_ARC = YES;
				CLANG_ENABLE_OBJC_WEAK = YES;
				CLANG_WARN_BLOCK_CAPTURE_AUTORELEASING = YES;
				CLANG_WARN_BOOL_CONVERSION = YES;
				CLANG_WARN_COMMA = YES;
				CLANG_WARN_CONSTANT_CONVERSION = YES;
				CLANG_WARN_DEPRECATED_OBJC_IMPLEMENTATIONS = YES;
				CLANG_WARN_DIRECT_OBJC_ISA_USAGE = YES_ERROR;
				CLANG_WARN_DOCUMENTATION_COMMENTS = YES;
				CLANG_WARN_EMPTY_BODY = YES;
				CLANG_WARN_ENUM_CONVERSION = YES;
				CLANG_WARN_INFINITE_RECURSION = YES;
				CLANG_WARN_INT_CONVERSION = YES;
				CLANG_WARN_NON_LITERAL_NULL_CONVERSION = YES;
				CLANG_WARN_OBJC_IMPLICIT_RETAIN_SELF = YES;
				CLANG_WARN_OBJC_LITERAL_CONVERSION = YES;
				CLANG_WARN_OBJC_ROOT_CLASS = YES_ERROR;
				CLANG_WARN_RANGE_LOOP_ANALYSIS = YES;
				CLANG_WARN_STRICT_PROTOTYPES = YES;
				CLANG_WARN_SUSPICIOUS_MOVE = YES;
				CLANG_WARN_UNGUARDED_AVAILABILITY = YES_AGGRESSIVE;
				CLANG_WARN_UNREACHABLE_CODE = YES;
				CLANG_WARN__DUPLICATE_METHOD_MATCH = YES;
				CODE_SIGN_IDENTITY = "iPhone Developer";
				COPY_PHASE_STRIP = NO;
				DEBUG_INFORMATION_FORMAT = "dwarf-with-dsym";
				ENABLE_NS_ASSERTIONS = NO;
				ENABLE_STRICT_OBJC_MSGSEND = YES;
				GCC_C_LANGUAGE_STANDARD = gnu11;
				GCC_NO_COMMON_BLOCKS = YES;
				GCC_WARN_64_TO_32_BIT_CONVERSION = YES;
				GCC_WARN_ABOUT_RETURN_TYPE = YES_ERROR;
				GCC_WARN_UNDECLARED_SELECTOR = YES;
				GCC_WARN_UNINITIALIZED_AUTOS = YES_AGGRESSIVE;
				GCC_WARN_UNUSED_FUNCTION = YES;
				GCC_WARN_UNUSED_VARIABLE = YES;
				IPHONEOS_DEPLOYMENT_TARGET = 11.4;
				MTL_ENABLE_DEBUG_INFO = NO;
				SDKROOT = iphoneos;
				SWIFT_COMPILATION_MODE = wholemodule;
				SWIFT_OPTIMIZATION_LEVEL = "-O";
				VALIDATE_PRODUCT = YES;
			};
			name = Release;
		};
		E7828E8320ECA2F400D614F5 /* Debug */ = {
			isa = XCBuildConfiguration;
			buildSettings = {
				ASSETCATALOG_COMPILER_APPICON_NAME = AppIcon;
				CODE_SIGN_STYLE = Automatic;
				DEVELOPMENT_TEAM = DEQGLB9PU4;
				FRAMEWORK_SEARCH_PATHS = (
					"$(inherited)",
					"$(PROJECT_DIR)/Carthage/Build/iOS",
				);
				INFOPLIST_FILE = OSCProcessingKitDemo/Info.plist;
				LD_RUNPATH_SEARCH_PATHS = (
					"$(inherited)",
					"@executable_path/Frameworks",
				);
				PRODUCT_BUNDLE_IDENTIFIER = io.github.natmark.OSCProcessingKitDemo;
				PRODUCT_NAME = "$(TARGET_NAME)";
				SWIFT_VERSION = 4.0;
				TARGETED_DEVICE_FAMILY = 2;
			};
			name = Debug;
		};
		E7828E8420ECA2F400D614F5 /* Release */ = {
			isa = XCBuildConfiguration;
			buildSettings = {
				ASSETCATALOG_COMPILER_APPICON_NAME = AppIcon;
				CODE_SIGN_STYLE = Automatic;
				DEVELOPMENT_TEAM = DEQGLB9PU4;
				FRAMEWORK_SEARCH_PATHS = (
					"$(inherited)",
					"$(PROJECT_DIR)/Carthage/Build/iOS",
				);
				INFOPLIST_FILE = OSCProcessingKitDemo/Info.plist;
				LD_RUNPATH_SEARCH_PATHS = (
					"$(inherited)",
					"@executable_path/Frameworks",
				);
				PRODUCT_BUNDLE_IDENTIFIER = io.github.natmark.OSCProcessingKitDemo;
				PRODUCT_NAME = "$(TARGET_NAME)";
				SWIFT_VERSION = 4.0;
				TARGETED_DEVICE_FAMILY = 2;
			};
			name = Release;
		};
/* End XCBuildConfiguration section */

/* Begin XCConfigurationList section */
		E7828E6B20ECA2EE00D614F5 /* Build configuration list for PBXProject "OSCProcessingKitDemo" */ = {
			isa = XCConfigurationList;
			buildConfigurations = (
				E7828E8020ECA2F400D614F5 /* Debug */,
				E7828E8120ECA2F400D614F5 /* Release */,
			);
			defaultConfigurationIsVisible = 0;
			defaultConfigurationName = Release;
		};
		E7828E8220ECA2F400D614F5 /* Build configuration list for PBXNativeTarget "OSCProcessingKitDemo" */ = {
			isa = XCConfigurationList;
			buildConfigurations = (
				E7828E8320ECA2F400D614F5 /* Debug */,
				E7828E8420ECA2F400D614F5 /* Release */,
			);
			defaultConfigurationIsVisible = 0;
			defaultConfigurationName = Release;
		};
/* End XCConfigurationList section */
	};
	rootObject = E7828E6820ECA2EE00D614F5 /* Project object */;
}
